
Microsoft Visual Studio Solution File, Format Version 12.00
# Visual Studio Version 17
VisualStudioVersion = 17.0.32126.317
MinimumVisualStudioVersion = 10.0.40219.1
Project("{FAE04EC0-301F-11D3-BF4B-00C04F79EFBC}") = "JsonToTable", "JsonToTable.csproj", "{96CBE307-E7E5-4754-AE26-C6AE02EC2623}"
EndProject
Global
	GlobalSection(SolutionConfigurationPlatforms) = preSolution
		Debug|Any CPU = Debug|Any CPU
		Release|Any CPU = Release|Any CPU
	EndGlobalSection
	GlobalSection(ProjectConfigurationPlatforms) = postSolution
		{96CBE307-E7E5-4754-AE26-C6AE02EC2623}.Debug|Any CPU.ActiveCfg = Debug|Any CPU
		{96CBE307-E7E5-4754-AE26-C6AE02EC2623}.Debug|Any CPU.Build.0 = Debug|Any CPU
		{96CBE307-E7E5-4754-AE26-C6AE02EC2623}.Release|Any CPU.ActiveCfg = Release|Any CPU
		{96CBE307-E7E5-4754-AE26-C6AE02EC2623}.Release|Any CPU.Build.0 = Release|Any CPU
	EndGlobalSection
	GlobalSection(SolutionProperties) = preSolution
		HideSolutionNode = FALSE
	EndGlobalSection
	GlobalSection(ExtensibilityGlobals) = postSolution
		SolutionGuid = {E5DFF508-183D-4727-92F8-41DD8EA91EDB}
	EndGlobalSection
EndGlobal
